
Microsoft Visual Studio Solution File, Format Version 12.00
# Visual Studio Version 16
VisualStudioVersion = 16.0.31727.386
MinimumVisualStudioVersion = 10.0.40219.1
Project("{FAE04EC0-301F-11D3-BF4B-00C04F79EFBC}") = "AnjumsBookStore", "AnjumsBookStore\AnjumsBookStore.csproj", "{C1E4772D-64A4-40D4-BD3F-476CB4120969}"
EndProject
Global
	GlobalSection(SolutionConfigurationPlatforms) = preSolution
		Debug|Any CPU = Debug|Any CPU
		Release|Any CPU = Release|Any CPU
	EndGlobalSection
	GlobalSection(ProjectConfigurationPlatforms) = postSolution
		{C1E4772D-64A4-40D4-BD3F-476CB4120969}.Debug|Any CPU.ActiveCfg = Debug|Any CPU
		{C1E4772D-64A4-40D4-BD3F-476CB4120969}.Debug|Any CPU.Build.0 = Debug|Any CPU
		{C1E4772D-64A4-40D4-BD3F-476CB4120969}.Release|Any CPU.ActiveCfg = Release|Any CPU
		{C1E4772D-64A4-40D4-BD3F-476CB4120969}.Release|Any CPU.Build.0 = Release|Any CPU
	EndGlobalSection
	GlobalSection(SolutionProperties) = preSolution
		HideSolutionNode = FALSE
	EndGlobalSection
	GlobalSection(ExtensibilityGlobals) = postSolution
		SolutionGuid = {FBE0C527-C02D-4209-85D8-4CE79703B961}
	EndGlobalSection
EndGlobal
