
Microsoft Visual Studio Solution File, Format Version 12.00
# Visual Studio Version 16
VisualStudioVersion = 16.0.31727.386
MinimumVisualStudioVersion = 10.0.40219.1
Project("{FAE04EC0-301F-11D3-BF4B-00C04F79EFBC}") = "AnjumsBookStore", "AnjumsBookStore\AnjumsBookStore.csproj", "{C1E4772D-64A4-40D4-BD3F-476CB4120969}"
EndProject
Project("{FAE04EC0-301F-11D3-BF4B-00C04F79EFBC}") = "AnjumsBookStore.DataAccess", "AnjumsBookStore.DataAccess\AnjumsBookStore.DataAccess.csproj", "{BFC23B54-CC7E-453F-BDBA-4782D7ABD7A0}"
EndProject
Project("{FAE04EC0-301F-11D3-BF4B-00C04F79EFBC}") = "AnjumsBookStore.Models", "AnjumsBookStore.Models\AnjumsBookStore.Models.csproj", "{9829A821-2879-4440-A2A6-815C746F6002}"
EndProject
Project("{FAE04EC0-301F-11D3-BF4B-00C04F79EFBC}") = "AnjumsBookStore.Utility", "AnjumsBookStore.Utility\AnjumsBookStore.Utility.csproj", "{4289F7CA-9BEE-4CC8-AE75-00D3083F5C9D}"
EndProject
Global
	GlobalSection(SolutionConfigurationPlatforms) = preSolution
		Debug|Any CPU = Debug|Any CPU
		Release|Any CPU = Release|Any CPU
	EndGlobalSection
	GlobalSection(ProjectConfigurationPlatforms) = postSolution
		{C1E4772D-64A4-40D4-BD3F-476CB4120969}.Debug|Any CPU.ActiveCfg = Debug|Any CPU
		{C1E4772D-64A4-40D4-BD3F-476CB4120969}.Debug|Any CPU.Build.0 = Debug|Any CPU
		{C1E4772D-64A4-40D4-BD3F-476CB4120969}.Release|Any CPU.ActiveCfg = Release|Any CPU
		{C1E4772D-64A4-40D4-BD3F-476CB4120969}.Release|Any CPU.Build.0 = Release|Any CPU
		{BFC23B54-CC7E-453F-BDBA-4782D7ABD7A0}.Debug|Any CPU.ActiveCfg = Debug|Any CPU
		{BFC23B54-CC7E-453F-BDBA-4782D7ABD7A0}.Debug|Any CPU.Build.0 = Debug|Any CPU
		{BFC23B54-CC7E-453F-BDBA-4782D7ABD7A0}.Release|Any CPU.ActiveCfg = Release|Any CPU
		{BFC23B54-CC7E-453F-BDBA-4782D7ABD7A0}.Release|Any CPU.Build.0 = Release|Any CPU
		{9829A821-2879-4440-A2A6-815C746F6002}.Debug|Any CPU.ActiveCfg = Debug|Any CPU
		{9829A821-2879-4440-A2A6-815C746F6002}.Debug|Any CPU.Build.0 = Debug|Any CPU
		{9829A821-2879-4440-A2A6-815C746F6002}.Release|Any CPU.ActiveCfg = Release|Any CPU
		{9829A821-2879-4440-A2A6-815C746F6002}.Release|Any CPU.Build.0 = Release|Any CPU
		{4289F7CA-9BEE-4CC8-AE75-00D3083F5C9D}.Debug|Any CPU.ActiveCfg = Debug|Any CPU
		{4289F7CA-9BEE-4CC8-AE75-00D3083F5C9D}.Debug|Any CPU.Build.0 = Debug|Any CPU
		{4289F7CA-9BEE-4CC8-AE75-00D3083F5C9D}.Release|Any CPU.ActiveCfg = Release|Any CPU
		{4289F7CA-9BEE-4CC8-AE75-00D3083F5C9D}.Release|Any CPU.Build.0 = Release|Any CPU
	EndGlobalSection
	GlobalSection(SolutionProperties) = preSolution
		HideSolutionNode = FALSE
	EndGlobalSection
	GlobalSection(ExtensibilityGlobals) = postSolution
		SolutionGuid = {FBE0C527-C02D-4209-85D8-4CE79703B961}
	EndGlobalSection
EndGlobal
